
Microsoft Visual Studio Solution File, Format Version 12.00
# Visual Studio Version 16
VisualStudioVersion = 16.0.31129.286
MinimumVisualStudioVersion = 10.0.40219.1
Project("{9A19103F-16F7-4668-BE54-9A1E7A4F7556}") = "MyNotes", "MyNotes\MyNotes.csproj", "{AE3BF59C-2E4A-4A7A-826A-95C2DBC4BCCD}"
EndProject
Project("{FAE04EC0-301F-11D3-BF4B-00C04F79EFBC}") = "MyNotes.Tests", "MyNotes.Tests\MyNotes.Tests.csproj", "{37AF8C6C-21D0-4DED-8B6C-0095391D9CED}"
EndProject
Global
	GlobalSection(SolutionConfigurationPlatforms) = preSolution
		Debug|Any CPU = Debug|Any CPU
		Release|Any CPU = Release|Any CPU
	EndGlobalSection
	GlobalSection(ProjectConfigurationPlatforms) = postSolution
		{AE3BF59C-2E4A-4A7A-826A-95C2DBC4BCCD}.Debug|Any CPU.ActiveCfg = Debug|Any CPU
		{AE3BF59C-2E4A-4A7A-826A-95C2DBC4BCCD}.Debug|Any CPU.Build.0 = Debug|Any CPU
		{AE3BF59C-2E4A-4A7A-826A-95C2DBC4BCCD}.Release|Any CPU.ActiveCfg = Release|Any CPU
		{AE3BF59C-2E4A-4A7A-826A-95C2DBC4BCCD}.Release|Any CPU.Build.0 = Release|Any CPU
		{37AF8C6C-21D0-4DED-8B6C-0095391D9CED}.Debug|Any CPU.ActiveCfg = Debug|Any CPU
		{37AF8C6C-21D0-4DED-8B6C-0095391D9CED}.Debug|Any CPU.Build.0 = Debug|Any CPU
		{37AF8C6C-21D0-4DED-8B6C-0095391D9CED}.Release|Any CPU.ActiveCfg = Release|Any CPU
		{37AF8C6C-21D0-4DED-8B6C-0095391D9CED}.Release|Any CPU.Build.0 = Release|Any CPU
	EndGlobalSection
	GlobalSection(SolutionProperties) = preSolution
		HideSolutionNode = FALSE
	EndGlobalSection
	GlobalSection(ExtensibilityGlobals) = postSolution
		SolutionGuid = {60095963-DB95-4754-8B2B-5C5392E6F086}
	EndGlobalSection
EndGlobal
